{
  "name": "nftss-tea",
  "lockfileVersion": 3,
  "requires": true,
  "packages": {
    "": {
      "dependencies": {
        "yunteadao": "^1.0.0"
      }
    },
    "node_modules/yunteadao": {
      "version": "1.0.0",
      "resolved": "https://registry.npmjs.org/yunteadao/-/yunteadao-1.0.0.tgz",
      "integrity": "sha512-qq4POH0TbVg5wea3PrCAZZ63Z+/9psXxn8y6p0Ettmm0kcgrfIRTss5fUj+9bTK2Fhp4emJIJp3d2bb7p2K2RA=="
    }
  }
}
